// !$*UTF8*$!
{
	archiveVersion = 1;
	classes = {
	};
	objectVersion = 56;
	objects = {

/* Begin PBXBuildFile section */
		EB5ABC432C6FF45E009E57A5 /* DessertsApp.swift in Sources */ = {isa = PBXBuildFile; fileRef = EB5ABC422C6FF45E009E57A5 /* DessertsApp.swift */; };
		EB5ABC452C6FF45E009E57A5 /* AllDesserts.swift in Sources */ = {isa = PBXBuildFile; fileRef = EB5ABC442C6FF45E009E57A5 /* AllDesserts.swift */; };
		EB5ABC472C6FF460009E57A5 /* Assets.xcassets in Resources */ = {isa = PBXBuildFile; fileRef = EB5ABC462C6FF460009E57A5 /* Assets.xcassets */; };
		EB5ABC4A2C6FF460009E57A5 /* Preview Assets.xcassets in Resources */ = {isa = PBXBuildFile; fileRef = EB5ABC492C6FF460009E57A5 /* Preview Assets.xcassets */; };
		EB5ABC542C6FF461009E57A5 /* DessertsAppTests.swift in Sources */ = {isa = PBXBuildFile; fileRef = EB5ABC532C6FF461009E57A5 /* DessertsAppTests.swift */; };
		EB5ABC5E2C6FF461009E57A5 /* DessertsAppUITests.swift in Sources */ = {isa = PBXBuildFile; fileRef = EB5ABC5D2C6FF461009E57A5 /* DessertsAppUITests.swift */; };
		EB5ABC602C6FF461009E57A5 /* DessertsAppUITestsLaunchTests.swift in Sources */ = {isa = PBXBuildFile; fileRef = EB5ABC5F2C6FF461009E57A5 /* DessertsAppUITestsLaunchTests.swift */; };
		EB5ABC772C723B1A009E57A5 /* DessertsViewModel.swift in Sources */ = {isa = PBXBuildFile; fileRef = EB5ABC762C723B1A009E57A5 /* DessertsViewModel.swift */; };
		EB5ABC792C723CA3009E57A5 /* Dessert.swift in Sources */ = {isa = PBXBuildFile; fileRef = EB5ABC782C723CA3009E57A5 /* Dessert.swift */; };
		EB5ABC7C2C724C49009E57A5 /* DessertDataService.swift in Sources */ = {isa = PBXBuildFile; fileRef = EB5ABC7B2C724C48009E57A5 /* DessertDataService.swift */; };
		EB5ABC7E2C725CB4009E57A5 /* DessertAPIError.swift in Sources */ = {isa = PBXBuildFile; fileRef = EB5ABC7D2C725CB4009E57A5 /* DessertAPIError.swift */; };
		EB5ABC812C72717C009E57A5 /* DessertDetailsView.swift in Sources */ = {isa = PBXBuildFile; fileRef = EB5ABC802C72717C009E57A5 /* DessertDetailsView.swift */; };
		EB5ABC852C727719009E57A5 /* DessertDetails.swift in Sources */ = {isa = PBXBuildFile; fileRef = EB5ABC842C727719009E57A5 /* DessertDetails.swift */; };
		EB5ABC872C727F42009E57A5 /* DessertDetailsViewModel.swift in Sources */ = {isa = PBXBuildFile; fileRef = EB5ABC862C727F42009E57A5 /* DessertDetailsViewModel.swift */; };
		EB5ABC892C72C23A009E57A5 /* IngredientMeasurement.swift in Sources */ = {isa = PBXBuildFile; fileRef = EB5ABC882C72C23A009E57A5 /* IngredientMeasurement.swift */; };
		EB5ABC8C2C736C14009E57A5 /* DataDownloader.swift in Sources */ = {isa = PBXBuildFile; fileRef = EB5ABC8B2C736C14009E57A5 /* DataDownloader.swift */; };
		EB5ABC8F2C737295009E57A5 /* DessertDetailsCache.swift in Sources */ = {isa = PBXBuildFile; fileRef = EB5ABC8E2C737295009E57A5 /* DessertDetailsCache.swift */; };
/* End PBXBuildFile section */

/* Begin PBXContainerItemProxy section */
		EB5ABC502C6FF460009E57A5 /* PBXContainerItemProxy */ = {
			isa = PBXContainerItemProxy;
			containerPortal = EB5ABC372C6FF45E009E57A5 /* Project object */;
			proxyType = 1;
			remoteGlobalIDString = EB5ABC3E2C6FF45E009E57A5;
			remoteInfo = DessertsApp;
		};
		EB5ABC5A2C6FF461009E57A5 /* PBXContainerItemProxy */ = {
			isa = PBXContainerItemProxy;
			containerPortal = EB5ABC372C6FF45E009E57A5 /* Project object */;
			proxyType = 1;
			remoteGlobalIDString = EB5ABC3E2C6FF45E009E57A5;
			remoteInfo = DessertsApp;
		};
/* End PBXContainerItemProxy section */

/* Begin PBXFileReference section */
		EB5ABC3F2C6FF45E009E57A5 /* DessertsApp.app */ = {isa = PBXFileReference; explicitFileType = wrapper.application; includeInIndex = 0; path = DessertsApp.app; sourceTree = BUILT_PRODUCTS_DIR; };
		EB5ABC422C6FF45E009E57A5 /* DessertsApp.swift */ = {isa = PBXFileReference; lastKnownFileType = sourcecode.swift; path = DessertsApp.swift; sourceTree = "<group>"; };
		EB5ABC442C6FF45E009E57A5 /* AllDesserts.swift */ = {isa = PBXFileReference; lastKnownFileType = sourcecode.swift; path = AllDesserts.swift; sourceTree = "<group>"; };
		EB5ABC462C6FF460009E57A5 /* Assets.xcassets */ = {isa = PBXFileReference; lastKnownFileType = folder.assetcatalog; path = Assets.xcassets; sourceTree = "<group>"; };
		EB5ABC492C6FF460009E57A5 /* Preview Assets.xcassets */ = {isa = PBXFileReference; lastKnownFileType = folder.assetcatalog; path = "Preview Assets.xcassets"; sourceTree = "<group>"; };
		EB5ABC4F2C6FF460009E57A5 /* DessertsAppTests.xctest */ = {isa = PBXFileReference; explicitFileType = wrapper.cfbundle; includeInIndex = 0; path = DessertsAppTests.xctest; sourceTree = BUILT_PRODUCTS_DIR; };
		EB5ABC532C6FF461009E57A5 /* DessertsAppTests.swift */ = {isa = PBXFileReference; lastKnownFileType = sourcecode.swift; path = DessertsAppTests.swift; sourceTree = "<group>"; };
		EB5ABC592C6FF461009E57A5 /* DessertsAppUITests.xctest */ = {isa = PBXFileReference; explicitFileType = wrapper.cfbundle; includeInIndex = 0; path = DessertsAppUITests.xctest; sourceTree = BUILT_PRODUCTS_DIR; };
		EB5ABC5D2C6FF461009E57A5 /* DessertsAppUITests.swift */ = {isa = PBXFileReference; lastKnownFileType = sourcecode.swift; path = DessertsAppUITests.swift; sourceTree = "<group>"; };
		EB5ABC5F2C6FF461009E57A5 /* DessertsAppUITestsLaunchTests.swift */ = {isa = PBXFileReference; lastKnownFileType = sourcecode.swift; path = DessertsAppUITestsLaunchTests.swift; sourceTree = "<group>"; };
		EB5ABC762C723B1A009E57A5 /* DessertsViewModel.swift */ = {isa = PBXFileReference; lastKnownFileType = sourcecode.swift; path = DessertsViewModel.swift; sourceTree = "<group>"; };
		EB5ABC782C723CA3009E57A5 /* Dessert.swift */ = {isa = PBXFileReference; lastKnownFileType = sourcecode.swift; path = Dessert.swift; sourceTree = "<group>"; };
		EB5ABC7B2C724C48009E57A5 /* DessertDataService.swift */ = {isa = PBXFileReference; lastKnownFileType = sourcecode.swift; path = DessertDataService.swift; sourceTree = "<group>"; };
		EB5ABC7D2C725CB4009E57A5 /* DessertAPIError.swift */ = {isa = PBXFileReference; lastKnownFileType = sourcecode.swift; path = DessertAPIError.swift; sourceTree = "<group>"; };
		EB5ABC802C72717C009E57A5 /* DessertDetailsView.swift */ = {isa = PBXFileReference; lastKnownFileType = sourcecode.swift; path = DessertDetailsView.swift; sourceTree = "<group>"; };
		EB5ABC842C727719009E57A5 /* DessertDetails.swift */ = {isa = PBXFileReference; lastKnownFileType = sourcecode.swift; path = DessertDetails.swift; sourceTree = "<group>"; };
		EB5ABC862C727F42009E57A5 /* DessertDetailsViewModel.swift */ = {isa = PBXFileReference; lastKnownFileType = sourcecode.swift; path = DessertDetailsViewModel.swift; sourceTree = "<group>"; };
		EB5ABC882C72C23A009E57A5 /* IngredientMeasurement.swift */ = {isa = PBXFileReference; lastKnownFileType = sourcecode.swift; path = IngredientMeasurement.swift; sourceTree = "<group>"; };
		EB5ABC8B2C736C14009E57A5 /* DataDownloader.swift */ = {isa = PBXFileReference; lastKnownFileType = sourcecode.swift; path = DataDownloader.swift; sourceTree = "<group>"; };
		EB5ABC8E2C737295009E57A5 /* DessertDetailsCache.swift */ = {isa = PBXFileReference; lastKnownFileType = sourcecode.swift; path = DessertDetailsCache.swift; sourceTree = "<group>"; };
/* End PBXFileReference section */

/* Begin PBXFrameworksBuildPhase section */
		EB5ABC3C2C6FF45E009E57A5 /* Frameworks */ = {
			isa = PBXFrameworksBuildPhase;
			buildActionMask = 2147483647;
			files = (
			);
			runOnlyForDeploymentPostprocessing = 0;
		};
		EB5ABC4C2C6FF460009E57A5 /* Frameworks */ = {
			isa = PBXFrameworksBuildPhase;
			buildActionMask = 2147483647;
			files = (
			);
			runOnlyForDeploymentPostprocessing = 0;
		};
		EB5ABC562C6FF461009E57A5 /* Frameworks */ = {
			isa = PBXFrameworksBuildPhase;
			buildActionMask = 2147483647;
			files = (
			);
			runOnlyForDeploymentPostprocessing = 0;
		};
/* End PBXFrameworksBuildPhase section */

/* Begin PBXGroup section */
		EB5ABC362C6FF45E009E57A5 = {
			isa = PBXGroup;
			children = (
				EB5ABC412C6FF45E009E57A5 /* DessertsApp */,
				EB5ABC522C6FF461009E57A5 /* DessertsAppTests */,
				EB5ABC5C2C6FF461009E57A5 /* DessertsAppUITests */,
				EB5ABC402C6FF45E009E57A5 /* Products */,
			);
			sourceTree = "<group>";
		};
		EB5ABC402C6FF45E009E57A5 /* Products */ = {
			isa = PBXGroup;
			children = (
				EB5ABC3F2C6FF45E009E57A5 /* DessertsApp.app */,
				EB5ABC4F2C6FF460009E57A5 /* DessertsAppTests.xctest */,
				EB5ABC592C6FF461009E57A5 /* DessertsAppUITests.xctest */,
			);
			name = Products;
			sourceTree = "<group>";
		};
		EB5ABC412C6FF45E009E57A5 /* DessertsApp */ = {
			isa = PBXGroup;
			children = (
				EB5ABC6D2C6FF546009E57A5 /* App */,
				EB5ABC6E2C6FF54D009E57A5 /* Core */,
				EB5ABC6C2C6FF53C009E57A5 /* Shared */,
				EB5ABC462C6FF460009E57A5 /* Assets.xcassets */,
				EB5ABC482C6FF460009E57A5 /* Preview Content */,
			);
			path = DessertsApp;
			sourceTree = "<group>";
		};
		EB5ABC482C6FF460009E57A5 /* Preview Content */ = {
			isa = PBXGroup;
			children = (
				EB5ABC492C6FF460009E57A5 /* Preview Assets.xcassets */,
			);
			path = "Preview Content";
			sourceTree = "<group>";
		};
		EB5ABC522C6FF461009E57A5 /* DessertsAppTests */ = {
			isa = PBXGroup;
			children = (
				EB5ABC532C6FF461009E57A5 /* DessertsAppTests.swift */,
			);
			path = DessertsAppTests;
			sourceTree = "<group>";
		};
		EB5ABC5C2C6FF461009E57A5 /* DessertsAppUITests */ = {
			isa = PBXGroup;
			children = (
				EB5ABC5D2C6FF461009E57A5 /* DessertsAppUITests.swift */,
				EB5ABC5F2C6FF461009E57A5 /* DessertsAppUITestsLaunchTests.swift */,
			);
			path = DessertsAppUITests;
			sourceTree = "<group>";
		};
		EB5ABC6C2C6FF53C009E57A5 /* Shared */ = {
			isa = PBXGroup;
			children = (
				EB5ABC8A2C736BF8009E57A5 /* API */,
			);
			path = Shared;
			sourceTree = "<group>";
		};
		EB5ABC6D2C6FF546009E57A5 /* App */ = {
			isa = PBXGroup;
			children = (
				EB5ABC422C6FF45E009E57A5 /* DessertsApp.swift */,
			);
			path = App;
			sourceTree = "<group>";
		};
		EB5ABC6E2C6FF54D009E57A5 /* Core */ = {
			isa = PBXGroup;
			children = (
				EB5ABC702C7234F5009E57A5 /* AllDeserts */,
				EB5ABC722C723514009E57A5 /* DessertDetails */,
				EB5ABC712C723508009E57A5 /* Service */,
			);
			path = Core;
			sourceTree = "<group>";
		};
		EB5ABC702C7234F5009E57A5 /* AllDeserts */ = {
			isa = PBXGroup;
			children = (
				EB5ABC752C72366E009E57A5 /* Model */,
				EB5ABC742C723669009E57A5 /* View */,
				EB5ABC732C723662009E57A5 /* ViewModel */,
				EB5ABC7A2C7248E5009E57A5 /* Service */,
			);
			path = AllDeserts;
			sourceTree = "<group>";
		};
		EB5ABC712C723508009E57A5 /* Service */ = {
			isa = PBXGroup;
			children = (
				EB5ABC7B2C724C48009E57A5 /* DessertDataService.swift */,
			);
			path = Service;
			sourceTree = "<group>";
		};
		EB5ABC722C723514009E57A5 /* DessertDetails */ = {
			isa = PBXGroup;
			children = (
				EB5ABC8D2C737285009E57A5 /* Cache */,
				EB5ABC822C7276AB009E57A5 /* Model */,
				EB5ABC7F2C727159009E57A5 /* View */,
				EB5ABC832C7276B2009E57A5 /* ViewModel */,
			);
			path = DessertDetails;
			sourceTree = "<group>";
		};
		EB5ABC732C723662009E57A5 /* ViewModel */ = {
			isa = PBXGroup;
			children = (
				EB5ABC762C723B1A009E57A5 /* DessertsViewModel.swift */,
			);
			path = ViewModel;
			sourceTree = "<group>";
		};
		EB5ABC742C723669009E57A5 /* View */ = {
			isa = PBXGroup;
			children = (
				EB5ABC442C6FF45E009E57A5 /* AllDesserts.swift */,
			);
			path = View;
			sourceTree = "<group>";
		};
		EB5ABC752C72366E009E57A5 /* Model */ = {
			isa = PBXGroup;
			children = (
				EB5ABC782C723CA3009E57A5 /* Dessert.swift */,
				EB5ABC7D2C725CB4009E57A5 /* DessertAPIError.swift */,
			);
			path = Model;
			sourceTree = "<group>";
		};
		EB5ABC7A2C7248E5009E57A5 /* Service */ = {
			isa = PBXGroup;
			children = (
			);
			path = Service;
			sourceTree = "<group>";
		};
		EB5ABC7F2C727159009E57A5 /* View */ = {
			isa = PBXGroup;
			children = (
				EB5ABC802C72717C009E57A5 /* DessertDetailsView.swift */,
			);
			path = View;
			sourceTree = "<group>";
		};
		EB5ABC822C7276AB009E57A5 /* Model */ = {
			isa = PBXGroup;
			children = (
				EB5ABC842C727719009E57A5 /* DessertDetails.swift */,
				EB5ABC882C72C23A009E57A5 /* IngredientMeasurement.swift */,
			);
			path = Model;
			sourceTree = "<group>";
		};
		EB5ABC832C7276B2009E57A5 /* ViewModel */ = {
			isa = PBXGroup;
			children = (
				EB5ABC862C727F42009E57A5 /* DessertDetailsViewModel.swift */,
			);
			path = ViewModel;
			sourceTree = "<group>";
		};
		EB5ABC8A2C736BF8009E57A5 /* API */ = {
			isa = PBXGroup;
			children = (
				EB5ABC8B2C736C14009E57A5 /* DataDownloader.swift */,
			);
			path = API;
			sourceTree = "<group>";
		};
		EB5ABC8D2C737285009E57A5 /* Cache */ = {
			isa = PBXGroup;
			children = (
				EB5ABC8E2C737295009E57A5 /* DessertDetailsCache.swift */,
			);
			path = Cache;
			sourceTree = "<group>";
		};
/* End PBXGroup section */

/* Begin PBXNativeTarget section */
		EB5ABC3E2C6FF45E009E57A5 /* DessertsApp */ = {
			isa = PBXNativeTarget;
			buildConfigurationList = EB5ABC632C6FF461009E57A5 /* Build configuration list for PBXNativeTarget "DessertsApp" */;
			buildPhases = (
				EB5ABC3B2C6FF45E009E57A5 /* Sources */,
				EB5ABC3C2C6FF45E009E57A5 /* Frameworks */,
				EB5ABC3D2C6FF45E009E57A5 /* Resources */,
			);
			buildRules = (
			);
			dependencies = (
			);
			name = DessertsApp;
			productName = DessertsApp;
			productReference = EB5ABC3F2C6FF45E009E57A5 /* DessertsApp.app */;
			productType = "com.apple.product-type.application";
		};
		EB5ABC4E2C6FF460009E57A5 /* DessertsAppTests */ = {
			isa = PBXNativeTarget;
			buildConfigurationList = EB5ABC662C6FF461009E57A5 /* Build configuration list for PBXNativeTarget "DessertsAppTests" */;
			buildPhases = (
				EB5ABC4B2C6FF460009E57A5 /* Sources */,
				EB5ABC4C2C6FF460009E57A5 /* Frameworks */,
				EB5ABC4D2C6FF460009E57A5 /* Resources */,
			);
			buildRules = (
			);
			dependencies = (
				EB5ABC512C6FF460009E57A5 /* PBXTargetDependency */,
			);
			name = DessertsAppTests;
			productName = DessertsAppTests;
			productReference = EB5ABC4F2C6FF460009E57A5 /* DessertsAppTests.xctest */;
			productType = "com.apple.product-type.bundle.unit-test";
		};
		EB5ABC582C6FF461009E57A5 /* DessertsAppUITests */ = {
			isa = PBXNativeTarget;
			buildConfigurationList = EB5ABC692C6FF461009E57A5 /* Build configuration list for PBXNativeTarget "DessertsAppUITests" */;
			buildPhases = (
				EB5ABC552C6FF461009E57A5 /* Sources */,
				EB5ABC562C6FF461009E57A5 /* Frameworks */,
				EB5ABC572C6FF461009E57A5 /* Resources */,
			);
			buildRules = (
			);
			dependencies = (
				EB5ABC5B2C6FF461009E57A5 /* PBXTargetDependency */,
			);
			name = DessertsAppUITests;
			productName = DessertsAppUITests;
			productReference = EB5ABC592C6FF461009E57A5 /* DessertsAppUITests.xctest */;
			productType = "com.apple.product-type.bundle.ui-testing";
		};
/* End PBXNativeTarget section */

/* Begin PBXProject section */
		EB5ABC372C6FF45E009E57A5 /* Project object */ = {
			isa = PBXProject;
			attributes = {
				BuildIndependentTargetsInParallel = 1;
				LastSwiftUpdateCheck = 1540;
				LastUpgradeCheck = 1540;
				TargetAttributes = {
					EB5ABC3E2C6FF45E009E57A5 = {
						CreatedOnToolsVersion = 15.4;
					};
					EB5ABC4E2C6FF460009E57A5 = {
						CreatedOnToolsVersion = 15.4;
						TestTargetID = EB5ABC3E2C6FF45E009E57A5;
					};
					EB5ABC582C6FF461009E57A5 = {
						CreatedOnToolsVersion = 15.4;
						TestTargetID = EB5ABC3E2C6FF45E009E57A5;
					};
				};
			};
			buildConfigurationList = EB5ABC3A2C6FF45E009E57A5 /* Build configuration list for PBXProject "DessertsApp" */;
			compatibilityVersion = "Xcode 14.0";
			developmentRegion = en;
			hasScannedForEncodings = 0;
			knownRegions = (
				en,
				Base,
			);
			mainGroup = EB5ABC362C6FF45E009E57A5;
			productRefGroup = EB5ABC402C6FF45E009E57A5 /* Products */;
			projectDirPath = "";
			projectRoot = "";
			targets = (
				EB5ABC3E2C6FF45E009E57A5 /* DessertsApp */,
				EB5ABC4E2C6FF460009E57A5 /* DessertsAppTests */,
				EB5ABC582C6FF461009E57A5 /* DessertsAppUITests */,
			);
		};
/* End PBXProject section */

/* Begin PBXResourcesBuildPhase section */
		EB5ABC3D2C6FF45E009E57A5 /* Resources */ = {
			isa = PBXResourcesBuildPhase;
			buildActionMask = 2147483647;
			files = (
				EB5ABC4A2C6FF460009E57A5 /* Preview Assets.xcassets in Resources */,
				EB5ABC472C6FF460009E57A5 /* Assets.xcassets in Resources */,
			);
			runOnlyForDeploymentPostprocessing = 0;
		};
		EB5ABC4D2C6FF460009E57A5 /* Resources */ = {
			isa = PBXResourcesBuildPhase;
			buildActionMask = 2147483647;
			files = (
			);
			runOnlyForDeploymentPostprocessing = 0;
		};
		EB5ABC572C6FF461009E57A5 /* Resources */ = {
			isa = PBXResourcesBuildPhase;
			buildActionMask = 2147483647;
			files = (
			);
			runOnlyForDeploymentPostprocessing = 0;
		};
/* End PBXResourcesBuildPhase section */

/* Begin PBXSourcesBuildPhase section */
		EB5ABC3B2C6FF45E009E57A5 /* Sources */ = {
			isa = PBXSourcesBuildPhase;
			buildActionMask = 2147483647;
			files = (
				EB5ABC792C723CA3009E57A5 /* Dessert.swift in Sources */,
				EB5ABC892C72C23A009E57A5 /* IngredientMeasurement.swift in Sources */,
				EB5ABC772C723B1A009E57A5 /* DessertsViewModel.swift in Sources */,
				EB5ABC872C727F42009E57A5 /* DessertDetailsViewModel.swift in Sources */,
				EB5ABC8F2C737295009E57A5 /* DessertDetailsCache.swift in Sources */,
				EB5ABC7C2C724C49009E57A5 /* DessertDataService.swift in Sources */,
				EB5ABC452C6FF45E009E57A5 /* AllDesserts.swift in Sources */,
				EB5ABC7E2C725CB4009E57A5 /* DessertAPIError.swift in Sources */,
				EB5ABC812C72717C009E57A5 /* DessertDetailsView.swift in Sources */,
				EB5ABC432C6FF45E009E57A5 /* DessertsApp.swift in Sources */,
				EB5ABC852C727719009E57A5 /* DessertDetails.swift in Sources */,
				EB5ABC8C2C736C14009E57A5 /* DataDownloader.swift in Sources */,
			);
			runOnlyForDeploymentPostprocessing = 0;
		};
		EB5ABC4B2C6FF460009E57A5 /* Sources */ = {
			isa = PBXSourcesBuildPhase;
			buildActionMask = 2147483647;
			files = (
				EB5ABC542C6FF461009E57A5 /* DessertsAppTests.swift in Sources */,
			);
			runOnlyForDeploymentPostprocessing = 0;
		};
		EB5ABC552C6FF461009E57A5 /* Sources */ = {
			isa = PBXSourcesBuildPhase;
			buildActionMask = 2147483647;
			files = (
				EB5ABC5E2C6FF461009E57A5 /* DessertsAppUITests.swift in Sources */,
				EB5ABC602C6FF461009E57A5 /* DessertsAppUITestsLaunchTests.swift in Sources */,
			);
			runOnlyForDeploymentPostprocessing = 0;
		};
/* End PBXSourcesBuildPhase section */

/* Begin PBXTargetDependency section */
		EB5ABC512C6FF460009E57A5 /* PBXTargetDependency */ = {
			isa = PBXTargetDependency;
			target = EB5ABC3E2C6FF45E009E57A5 /* DessertsApp */;
			targetProxy = EB5ABC502C6FF460009E57A5 /* PBXContainerItemProxy */;
		};
		EB5ABC5B2C6FF461009E57A5 /* PBXTargetDependency */ = {
			isa = PBXTargetDependency;
			target = EB5ABC3E2C6FF45E009E57A5 /* DessertsApp */;
			targetProxy = EB5ABC5A2C6FF461009E57A5 /* PBXContainerItemProxy */;
		};
/* End PBXTargetDependency section */

/* Begin XCBuildConfiguration section */
		EB5ABC612C6FF461009E57A5 /* Debug */ = {
			isa = XCBuildConfiguration;
			buildSettings = {
				ALWAYS_SEARCH_USER_PATHS = NO;
				ASSETCATALOG_COMPILER_GENERATE_SWIFT_ASSET_SYMBOL_EXTENSIONS = YES;
				CLANG_ANALYZER_NONNULL = YES;
				CLANG_ANALYZER_NUMBER_OBJECT_CONVERSION = YES_AGGRESSIVE;
				CLANG_CXX_LANGUAGE_STANDARD = "gnu++20";
				CLANG_ENABLE_MODULES = YES;
				CLANG_ENABLE_OBJC_ARC = YES;
				CLANG_ENABLE_OBJC_WEAK = YES;
				CLANG_WARN_BLOCK_CAPTURE_AUTORELEASING = YES;
				CLANG_WARN_BOOL_CONVERSION = YES;
				CLANG_WARN_COMMA = YES;
				CLANG_WARN_CONSTANT_CONVERSION = YES;
				CLANG_WARN_DEPRECATED_OBJC_IMPLEMENTATIONS = YES;
				CLANG_WARN_DIRECT_OBJC_ISA_USAGE = YES_ERROR;
				CLANG_WARN_DOCUMENTATION_COMMENTS = YES;
				CLANG_WARN_EMPTY_BODY = YES;
				CLANG_WARN_ENUM_CONVERSION = YES;
				CLANG_WARN_INFINITE_RECURSION = YES;
				CLANG_WARN_INT_CONVERSION = YES;
				CLANG_WARN_NON_LITERAL_NULL_CONVERSION = YES;
				CLANG_WARN_OBJC_IMPLICIT_RETAIN_SELF = YES;
				CLANG_WARN_OBJC_LITERAL_CONVERSION = YES;
				CLANG_WARN_OBJC_ROOT_CLASS = YES_ERROR;
				CLANG_WARN_QUOTED_INCLUDE_IN_FRAMEWORK_HEADER = YES;
				CLANG_WARN_RANGE_LOOP_ANALYSIS = YES;
				CLANG_WARN_STRICT_PROTOTYPES = YES;
				CLANG_WARN_SUSPICIOUS_MOVE = YES;
				CLANG_WARN_UNGUARDED_AVAILABILITY = YES_AGGRESSIVE;
				CLANG_WARN_UNREACHABLE_CODE = YES;
				CLANG_WARN__DUPLICATE_METHOD_MATCH = YES;
				COPY_PHASE_STRIP = NO;
				DEBUG_INFORMATION_FORMAT = dwarf;
				ENABLE_STRICT_OBJC_MSGSEND = YES;
				ENABLE_TESTABILITY = YES;
				ENABLE_USER_SCRIPT_SANDBOXING = YES;
				GCC_C_LANGUAGE_STANDARD = gnu17;
				GCC_DYNAMIC_NO_PIC = NO;
				GCC_NO_COMMON_BLOCKS = YES;
				GCC_OPTIMIZATION_LEVEL = 0;
				GCC_PREPROCESSOR_DEFINITIONS = (
					"DEBUG=1",
					"$(inherited)",
				);
				GCC_WARN_64_TO_32_BIT_CONVERSION = YES;
				GCC_WARN_ABOUT_RETURN_TYPE = YES_ERROR;
				GCC_WARN_UNDECLARED_SELECTOR = YES;
				GCC_WARN_UNINITIALIZED_AUTOS = YES_AGGRESSIVE;
				GCC_WARN_UNUSED_FUNCTION = YES;
				GCC_WARN_UNUSED_VARIABLE = YES;
				IPHONEOS_DEPLOYMENT_TARGET = 17.5;
				LOCALIZATION_PREFERS_STRING_CATALOGS = YES;
				MTL_ENABLE_DEBUG_INFO = INCLUDE_SOURCE;
				MTL_FAST_MATH = YES;
				ONLY_ACTIVE_ARCH = YES;
				SDKROOT = iphoneos;
				SWIFT_ACTIVE_COMPILATION_CONDITIONS = "DEBUG $(inherited)";
				SWIFT_OPTIMIZATION_LEVEL = "-Onone";
			};
			name = Debug;
		};
		EB5ABC622C6FF461009E57A5 /* Release */ = {
			isa = XCBuildConfiguration;
			buildSettings = {
				ALWAYS_SEARCH_USER_PATHS = NO;
				ASSETCATALOG_COMPILER_GENERATE_SWIFT_ASSET_SYMBOL_EXTENSIONS = YES;
				CLANG_ANALYZER_NONNULL = YES;
				CLANG_ANALYZER_NUMBER_OBJECT_CONVERSION = YES_AGGRESSIVE;
				CLANG_CXX_LANGUAGE_STANDARD = "gnu++20";
				CLANG_ENABLE_MODULES = YES;
				CLANG_ENABLE_OBJC_ARC = YES;
				CLANG_ENABLE_OBJC_WEAK = YES;
				CLANG_WARN_BLOCK_CAPTURE_AUTORELEASING = YES;
				CLANG_WARN_BOOL_CONVERSION = YES;
				CLANG_WARN_COMMA = YES;
				CLANG_WARN_CONSTANT_CONVERSION = YES;
				CLANG_WARN_DEPRECATED_OBJC_IMPLEMENTATIONS = YES;
				CLANG_WARN_DIRECT_OBJC_ISA_USAGE = YES_ERROR;
				CLANG_WARN_DOCUMENTATION_COMMENTS = YES;
				CLANG_WARN_EMPTY_BODY = YES;
				CLANG_WARN_ENUM_CONVERSION = YES;
				CLANG_WARN_INFINITE_RECURSION = YES;
				CLANG_WARN_INT_CONVERSION = YES;
				CLANG_WARN_NON_LITERAL_NULL_CONVERSION = YES;
				CLANG_WARN_OBJC_IMPLICIT_RETAIN_SELF = YES;
				CLANG_WARN_OBJC_LITERAL_CONVERSION = YES;
				CLANG_WARN_OBJC_ROOT_CLASS = YES_ERROR;
				CLANG_WARN_QUOTED_INCLUDE_IN_FRAMEWORK_HEADER = YES;
				CLANG_WARN_RANGE_LOOP_ANALYSIS = YES;
				CLANG_WARN_STRICT_PROTOTYPES = YES;
				CLANG_WARN_SUSPICIOUS_MOVE = YES;
				CLANG_WARN_UNGUARDED_AVAILABILITY = YES_AGGRESSIVE;
				CLANG_WARN_UNREACHABLE_CODE = YES;
				CLANG_WARN__DUPLICATE_METHOD_MATCH = YES;
				COPY_PHASE_STRIP = NO;
				DEBUG_INFORMATION_FORMAT = "dwarf-with-dsym";
				ENABLE_NS_ASSERTIONS = NO;
				ENABLE_STRICT_OBJC_MSGSEND = YES;
				ENABLE_USER_SCRIPT_SANDBOXING = YES;
				GCC_C_LANGUAGE_STANDARD = gnu17;
				GCC_NO_COMMON_BLOCKS = YES;
				GCC_WARN_64_TO_32_BIT_CONVERSION = YES;
				GCC_WARN_ABOUT_RETURN_TYPE = YES_ERROR;
				GCC_WARN_UNDECLARED_SELECTOR = YES;
				GCC_WARN_UNINITIALIZED_AUTOS = YES_AGGRESSIVE;
				GCC_WARN_UNUSED_FUNCTION = YES;
				GCC_WARN_UNUSED_VARIABLE = YES;
				IPHONEOS_DEPLOYMENT_TARGET = 17.5;
				LOCALIZATION_PREFERS_STRING_CATALOGS = YES;
				MTL_ENABLE_DEBUG_INFO = NO;
				MTL_FAST_MATH = YES;
				SDKROOT = iphoneos;
				SWIFT_COMPILATION_MODE = wholemodule;
				VALIDATE_PRODUCT = YES;
			};
			name = Release;
		};
		EB5ABC642C6FF461009E57A5 /* Debug */ = {
			isa = XCBuildConfiguration;
			buildSettings = {
				ASSETCATALOG_COMPILER_APPICON_NAME = AppIcon;
				ASSETCATALOG_COMPILER_GLOBAL_ACCENT_COLOR_NAME = AccentColor;
				CODE_SIGN_STYLE = Automatic;
				CURRENT_PROJECT_VERSION = 1;
				DEVELOPMENT_ASSET_PATHS = "\"DessertsApp/Preview Content\"";
				DEVELOPMENT_TEAM = NT57WH95JN;
				ENABLE_PREVIEWS = YES;
				GENERATE_INFOPLIST_FILE = YES;
				INFOPLIST_KEY_UIApplicationSceneManifest_Generation = YES;
				INFOPLIST_KEY_UIApplicationSupportsIndirectInputEvents = YES;
				INFOPLIST_KEY_UILaunchScreen_Generation = YES;
				INFOPLIST_KEY_UISupportedInterfaceOrientations_iPad = "UIInterfaceOrientationPortrait UIInterfaceOrientationPortraitUpsideDown UIInterfaceOrientationLandscapeLeft UIInterfaceOrientationLandscapeRight";
				INFOPLIST_KEY_UISupportedInterfaceOrientations_iPhone = "UIInterfaceOrientationPortrait UIInterfaceOrientationLandscapeLeft UIInterfaceOrientationLandscapeRight";
				IPHONEOS_DEPLOYMENT_TARGET = 17.0;
				LD_RUNPATH_SEARCH_PATHS = (
					"$(inherited)",
					"@executable_path/Frameworks",
				);
				MARKETING_VERSION = 1.0;
				PRODUCT_BUNDLE_IDENTIFIER = com.TreyBrowder.DessertsApp;
				PRODUCT_NAME = "$(TARGET_NAME)";
				SWIFT_EMIT_LOC_STRINGS = YES;
				SWIFT_VERSION = 5.0;
				TARGETED_DEVICE_FAMILY = "1,2";
			};
			name = Debug;
		};
		EB5ABC652C6FF461009E57A5 /* Release */ = {
			isa = XCBuildConfiguration;
			buildSettings = {
				ASSETCATALOG_COMPILER_APPICON_NAME = AppIcon;
				ASSETCATALOG_COMPILER_GLOBAL_ACCENT_COLOR_NAME = AccentColor;
				CODE_SIGN_STYLE = Automatic;
				CURRENT_PROJECT_VERSION = 1;
				DEVELOPMENT_ASSET_PATHS = "\"DessertsApp/Preview Content\"";
				DEVELOPMENT_TEAM = NT57WH95JN;
				ENABLE_PREVIEWS = YES;
				GENERATE_INFOPLIST_FILE = YES;
				INFOPLIST_KEY_UIApplicationSceneManifest_Generation = YES;
				INFOPLIST_KEY_UIApplicationSupportsIndirectInputEvents = YES;
				INFOPLIST_KEY_UILaunchScreen_Generation = YES;
				INFOPLIST_KEY_UISupportedInterfaceOrientations_iPad = "UIInterfaceOrientationPortrait UIInterfaceOrientationPortraitUpsideDown UIInterfaceOrientationLandscapeLeft UIInterfaceOrientationLandscapeRight";
				INFOPLIST_KEY_UISupportedInterfaceOrientations_iPhone = "UIInterfaceOrientationPortrait UIInterfaceOrientationLandscapeLeft UIInterfaceOrientationLandscapeRight";
				IPHONEOS_DEPLOYMENT_TARGET = 17.0;
				LD_RUNPATH_SEARCH_PATHS = (
					"$(inherited)",
					"@executable_path/Frameworks",
				);
				MARKETING_VERSION = 1.0;
				PRODUCT_BUNDLE_IDENTIFIER = com.TreyBrowder.DessertsApp;
				PRODUCT_NAME = "$(TARGET_NAME)";
				SWIFT_EMIT_LOC_STRINGS = YES;
				SWIFT_VERSION = 5.0;
				TARGETED_DEVICE_FAMILY = "1,2";
			};
			name = Release;
		};
		EB5ABC672C6FF461009E57A5 /* Debug */ = {
			isa = XCBuildConfiguration;
			buildSettings = {
				ALWAYS_EMBED_SWIFT_STANDARD_LIBRARIES = YES;
				BUNDLE_LOADER = "$(TEST_HOST)";
				CODE_SIGN_STYLE = Automatic;
				CURRENT_PROJECT_VERSION = 1;
				DEVELOPMENT_TEAM = NT57WH95JN;
				GENERATE_INFOPLIST_FILE = YES;
				IPHONEOS_DEPLOYMENT_TARGET = 17.5;
				MARKETING_VERSION = 1.0;
				PRODUCT_BUNDLE_IDENTIFIER = com.TreyBrowder.DessertsAppTests;
				PRODUCT_NAME = "$(TARGET_NAME)";
				SWIFT_EMIT_LOC_STRINGS = NO;
				SWIFT_VERSION = 5.0;
				TARGETED_DEVICE_FAMILY = "1,2";
				TEST_HOST = "$(BUILT_PRODUCTS_DIR)/DessertsApp.app/$(BUNDLE_EXECUTABLE_FOLDER_PATH)/DessertsApp";
			};
			name = Debug;
		};
		EB5ABC682C6FF461009E57A5 /* Release */ = {
			isa = XCBuildConfiguration;
			buildSettings = {
				ALWAYS_EMBED_SWIFT_STANDARD_LIBRARIES = YES;
				BUNDLE_LOADER = "$(TEST_HOST)";
				CODE_SIGN_STYLE = Automatic;
				CURRENT_PROJECT_VERSION = 1;
				DEVELOPMENT_TEAM = NT57WH95JN;
				GENERATE_INFOPLIST_FILE = YES;
				IPHONEOS_DEPLOYMENT_TARGET = 17.5;
				MARKETING_VERSION = 1.0;
				PRODUCT_BUNDLE_IDENTIFIER = com.TreyBrowder.DessertsAppTests;
				PRODUCT_NAME = "$(TARGET_NAME)";
				SWIFT_EMIT_LOC_STRINGS = NO;
				SWIFT_VERSION = 5.0;
				TARGETED_DEVICE_FAMILY = "1,2";
				TEST_HOST = "$(BUILT_PRODUCTS_DIR)/DessertsApp.app/$(BUNDLE_EXECUTABLE_FOLDER_PATH)/DessertsApp";
			};
			name = Release;
		};
		EB5ABC6A2C6FF461009E57A5 /* Debug */ = {
			isa = XCBuildConfiguration;
			buildSettings = {
				ALWAYS_EMBED_SWIFT_STANDARD_LIBRARIES = YES;
				CODE_SIGN_STYLE = Automatic;
				CURRENT_PROJECT_VERSION = 1;
				DEVELOPMENT_TEAM = NT57WH95JN;
				GENERATE_INFOPLIST_FILE = YES;
				MARKETING_VERSION = 1.0;
				PRODUCT_BUNDLE_IDENTIFIER = com.TreyBrowder.DessertsAppUITests;
				PRODUCT_NAME = "$(TARGET_NAME)";
				SWIFT_EMIT_LOC_STRINGS = NO;
				SWIFT_VERSION = 5.0;
				TARGETED_DEVICE_FAMILY = "1,2";
				TEST_TARGET_NAME = DessertsApp;
			};
			name = Debug;
		};
		EB5ABC6B2C6FF461009E57A5 /* Release */ = {
			isa = XCBuildConfiguration;
			buildSettings = {
				ALWAYS_EMBED_SWIFT_STANDARD_LIBRARIES = YES;
				CODE_SIGN_STYLE = Automatic;
				CURRENT_PROJECT_VERSION = 1;
				DEVELOPMENT_TEAM = NT57WH95JN;
				GENERATE_INFOPLIST_FILE = YES;
				MARKETING_VERSION = 1.0;
				PRODUCT_BUNDLE_IDENTIFIER = com.TreyBrowder.DessertsAppUITests;
				PRODUCT_NAME = "$(TARGET_NAME)";
				SWIFT_EMIT_LOC_STRINGS = NO;
				SWIFT_VERSION = 5.0;
				TARGETED_DEVICE_FAMILY = "1,2";
				TEST_TARGET_NAME = DessertsApp;
			};
			name = Release;
		};
/* End XCBuildConfiguration section */

/* Begin XCConfigurationList section */
		EB5ABC3A2C6FF45E009E57A5 /* Build configuration list for PBXProject "DessertsApp" */ = {
			isa = XCConfigurationList;
			buildConfigurations = (
				EB5ABC612C6FF461009E57A5 /* Debug */,
				EB5ABC622C6FF461009E57A5 /* Release */,
			);
			defaultConfigurationIsVisible = 0;
			defaultConfigurationName = Release;
		};
		EB5ABC632C6FF461009E57A5 /* Build configuration list for PBXNativeTarget "DessertsApp" */ = {
			isa = XCConfigurationList;
			buildConfigurations = (
				EB5ABC642C6FF461009E57A5 /* Debug */,
				EB5ABC652C6FF461009E57A5 /* Release */,
			);
			defaultConfigurationIsVisible = 0;
			defaultConfigurationName = Release;
		};
		EB5ABC662C6FF461009E57A5 /* Build configuration list for PBXNativeTarget "DessertsAppTests" */ = {
			isa = XCConfigurationList;
			buildConfigurations = (
				EB5ABC672C6FF461009E57A5 /* Debug */,
				EB5ABC682C6FF461009E57A5 /* Release */,
			);
			defaultConfigurationIsVisible = 0;
			defaultConfigurationName = Release;
		};
		EB5ABC692C6FF461009E57A5 /* Build configuration list for PBXNativeTarget "DessertsAppUITests" */ = {
			isa = XCConfigurationList;
			buildConfigurations = (
				EB5ABC6A2C6FF461009E57A5 /* Debug */,
				EB5ABC6B2C6FF461009E57A5 /* Release */,
			);
			defaultConfigurationIsVisible = 0;
			defaultConfigurationName = Release;
		};
/* End XCConfigurationList section */
	};
	rootObject = EB5ABC372C6FF45E009E57A5 /* Project object */;
}
